
Microsoft Visual Studio Solution File, Format Version 12.00
# Visual Studio Version 17
VisualStudioVersion = 17.14.36221.1 d17.14
MinimumVisualStudioVersion = 10.0.40219.1
Project("{FAE04EC0-301F-11D3-BF4B-00C04F79EFBC}") = "OperationsLogic", "OperationsLogic\OperationsLogic.csproj", "{A91703BA-F0A1-46B3-BB50-045BDB88C2FE}"
EndProject
Project("{FAE04EC0-301F-11D3-BF4B-00C04F79EFBC}") = "OperationsApp", "OperationsApp\OperationsApp.csproj", "{8602F021-3074-40AD-95F4-8EA30AEED8FD}"
EndProject
Project("{FAE04EC0-301F-11D3-BF4B-00C04F79EFBC}") = "OperationsDev", "OperationsDev\OperationsDev.csproj", "{DB6B70E2-1B1A-4256-8415-F4D1ED45D354}"
EndProject
Project("{FAE04EC0-301F-11D3-BF4B-00C04F79EFBC}") = "OperationsLogic.Tests", "OperationsLogic.Tests\OperationsLogic.Tests.csproj", "{A0346ACA-5FBB-4EA9-A751-A24EE86AB8BA}"
EndProject
Global
	GlobalSection(SolutionConfigurationPlatforms) = preSolution
		Debug|Any CPU = Debug|Any CPU
		Release|Any CPU = Release|Any CPU
	EndGlobalSection
	GlobalSection(ProjectConfigurationPlatforms) = postSolution
		{A91703BA-F0A1-46B3-BB50-045BDB88C2FE}.Debug|Any CPU.ActiveCfg = Debug|Any CPU
		{A91703BA-F0A1-46B3-BB50-045BDB88C2FE}.Debug|Any CPU.Build.0 = Debug|Any CPU
		{A91703BA-F0A1-46B3-BB50-045BDB88C2FE}.Release|Any CPU.ActiveCfg = Release|Any CPU
		{A91703BA-F0A1-46B3-BB50-045BDB88C2FE}.Release|Any CPU.Build.0 = Release|Any CPU
		{8602F021-3074-40AD-95F4-8EA30AEED8FD}.Debug|Any CPU.ActiveCfg = Debug|Any CPU
		{8602F021-3074-40AD-95F4-8EA30AEED8FD}.Debug|Any CPU.Build.0 = Debug|Any CPU
		{8602F021-3074-40AD-95F4-8EA30AEED8FD}.Release|Any CPU.ActiveCfg = Release|Any CPU
		{8602F021-3074-40AD-95F4-8EA30AEED8FD}.Release|Any CPU.Build.0 = Release|Any CPU
		{DB6B70E2-1B1A-4256-8415-F4D1ED45D354}.Debug|Any CPU.ActiveCfg = Debug|Any CPU
		{DB6B70E2-1B1A-4256-8415-F4D1ED45D354}.Debug|Any CPU.Build.0 = Debug|Any CPU
		{DB6B70E2-1B1A-4256-8415-F4D1ED45D354}.Release|Any CPU.ActiveCfg = Release|Any CPU
		{DB6B70E2-1B1A-4256-8415-F4D1ED45D354}.Release|Any CPU.Build.0 = Release|Any CPU
		{A0346ACA-5FBB-4EA9-A751-A24EE86AB8BA}.Debug|Any CPU.ActiveCfg = Debug|Any CPU
		{A0346ACA-5FBB-4EA9-A751-A24EE86AB8BA}.Debug|Any CPU.Build.0 = Debug|Any CPU
		{A0346ACA-5FBB-4EA9-A751-A24EE86AB8BA}.Release|Any CPU.ActiveCfg = Release|Any CPU
		{A0346ACA-5FBB-4EA9-A751-A24EE86AB8BA}.Release|Any CPU.Build.0 = Release|Any CPU
	EndGlobalSection
	GlobalSection(SolutionProperties) = preSolution
		HideSolutionNode = FALSE
	EndGlobalSection
	GlobalSection(ExtensibilityGlobals) = postSolution
		SolutionGuid = {7AE45C4C-8B9D-46FE-9BB1-9DC0D68816C3}
	EndGlobalSection
EndGlobal
