
Microsoft Visual Studio Solution File, Format Version 12.00
# Visual Studio Version 17
VisualStudioVersion = 17.14.36408.4 d17.14
MinimumVisualStudioVersion = 10.0.40219.1
Project("{FAE04EC0-301F-11D3-BF4B-00C04F79EFBC}") = "LPR381_Windows_Project", "LPR381_Windows_Project.csproj", "{5AADC909-604B-47AF-B4E4-36AC85832118}"
EndProject
Global
	GlobalSection(SolutionConfigurationPlatforms) = preSolution
		Debug|Any CPU = Debug|Any CPU
		Release|Any CPU = Release|Any CPU
	EndGlobalSection
	GlobalSection(ProjectConfigurationPlatforms) = postSolution
		{5AADC909-604B-47AF-B4E4-36AC85832118}.Debug|Any CPU.ActiveCfg = Debug|Any CPU
		{5AADC909-604B-47AF-B4E4-36AC85832118}.Debug|Any CPU.Build.0 = Debug|Any CPU
		{5AADC909-604B-47AF-B4E4-36AC85832118}.Release|Any CPU.ActiveCfg = Release|Any CPU
		{5AADC909-604B-47AF-B4E4-36AC85832118}.Release|Any CPU.Build.0 = Release|Any CPU
	EndGlobalSection
	GlobalSection(SolutionProperties) = preSolution
		HideSolutionNode = FALSE
	EndGlobalSection
	GlobalSection(ExtensibilityGlobals) = postSolution
		SolutionGuid = {58372149-864B-482A-B13C-83C301A1233D}
	EndGlobalSection
EndGlobal
